// !$*UTF8*$!
{
	archiveVersion = 1;
	classes = {
	};
	objectVersion = 56;
	objects = {

/* Begin PBXBuildFile section */
		9962B6A9294E0CCD009BF1DE /* ocean waves.mp3 in Resources */ = {isa = PBXBuildFile; fileRef = 9962B6A8294E0CCD009BF1DE /* ocean waves.mp3 */; };
		99653B42294D2D8700C41A7B /* AppDelegate.swift in Sources */ = {isa = PBXBuildFile; fileRef = 99653B41294D2D8700C41A7B /* AppDelegate.swift */; };
		99653B44294D2D8700C41A7B /* SceneDelegate.swift in Sources */ = {isa = PBXBuildFile; fileRef = 99653B43294D2D8700C41A7B /* SceneDelegate.swift */; };
		99653B46294D2D8700C41A7B /* ViewController.swift in Sources */ = {isa = PBXBuildFile; fileRef = 99653B45294D2D8700C41A7B /* ViewController.swift */; };
		99653B49294D2D8700C41A7B /* Main.storyboard in Resources */ = {isa = PBXBuildFile; fileRef = 99653B47294D2D8700C41A7B /* Main.storyboard */; };
		99653B4B294D2D8900C41A7B /* Assets.xcassets in Resources */ = {isa = PBXBuildFile; fileRef = 99653B4A294D2D8900C41A7B /* Assets.xcassets */; };
		99653B4E294D2D8900C41A7B /* LaunchScreen.storyboard in Resources */ = {isa = PBXBuildFile; fileRef = 99653B4C294D2D8900C41A7B /* LaunchScreen.storyboard */; };
		99C3CD06294FAAB200605C5D /* Cloud-Instrumental.mp3 in Resources */ = {isa = PBXBuildFile; fileRef = 99C3CD05294FAAB200605C5D /* Cloud-Instrumental.mp3 */; };
		9DF297E525A09E92C15652E4 /* Pods_AVFoundation.framework in Frameworks */ = {isa = PBXBuildFile; fileRef = 7A2C4AED349142DBB3C2D22A /* Pods_AVFoundation.framework */; };
/* End PBXBuildFile section */

/* Begin PBXFileReference section */
		7A2C4AED349142DBB3C2D22A /* Pods_AVFoundation.framework */ = {isa = PBXFileReference; explicitFileType = wrapper.framework; includeInIndex = 0; path = Pods_AVFoundation.framework; sourceTree = BUILT_PRODUCTS_DIR; };
		9962B6A8294E0CCD009BF1DE /* ocean waves.mp3 */ = {isa = PBXFileReference; lastKnownFileType = audio.mp3; path = "ocean waves.mp3"; sourceTree = "<group>"; };
		99653B3E294D2D8700C41A7B /* AVFoundation.app */ = {isa = PBXFileReference; explicitFileType = wrapper.application; includeInIndex = 0; path = AVFoundation.app; sourceTree = BUILT_PRODUCTS_DIR; };
		99653B41294D2D8700C41A7B /* AppDelegate.swift */ = {isa = PBXFileReference; lastKnownFileType = sourcecode.swift; path = AppDelegate.swift; sourceTree = "<group>"; };
		99653B43294D2D8700C41A7B /* SceneDelegate.swift */ = {isa = PBXFileReference; lastKnownFileType = sourcecode.swift; path = SceneDelegate.swift; sourceTree = "<group>"; };
		99653B45294D2D8700C41A7B /* ViewController.swift */ = {isa = PBXFileReference; lastKnownFileType = sourcecode.swift; path = ViewController.swift; sourceTree = "<group>"; };
		99653B48294D2D8700C41A7B /* Base */ = {isa = PBXFileReference; lastKnownFileType = file.storyboard; name = Base; path = Base.lproj/Main.storyboard; sourceTree = "<group>"; };
		99653B4A294D2D8900C41A7B /* Assets.xcassets */ = {isa = PBXFileReference; lastKnownFileType = folder.assetcatalog; path = Assets.xcassets; sourceTree = "<group>"; };
		99653B4D294D2D8900C41A7B /* Base */ = {isa = PBXFileReference; lastKnownFileType = file.storyboard; name = Base; path = Base.lproj/LaunchScreen.storyboard; sourceTree = "<group>"; };
		99653B4F294D2D8900C41A7B /* Info.plist */ = {isa = PBXFileReference; lastKnownFileType = text.plist.xml; path = Info.plist; sourceTree = "<group>"; };
		99C3CD05294FAAB200605C5D /* Cloud-Instrumental.mp3 */ = {isa = PBXFileReference; lastKnownFileType = audio.mp3; path = "Cloud-Instrumental.mp3"; sourceTree = "<group>"; };
		AFB4264D04F31E8875591E55 /* Pods-AVFoundation.release.xcconfig */ = {isa = PBXFileReference; includeInIndex = 1; lastKnownFileType = text.xcconfig; name = "Pods-AVFoundation.release.xcconfig"; path = "Target Support Files/Pods-AVFoundation/Pods-AVFoundation.release.xcconfig"; sourceTree = "<group>"; };
		F195F3CAFFC6A3B5AACEE799 /* Pods-AVFoundation.debug.xcconfig */ = {isa = PBXFileReference; includeInIndex = 1; lastKnownFileType = text.xcconfig; name = "Pods-AVFoundation.debug.xcconfig"; path = "Target Support Files/Pods-AVFoundation/Pods-AVFoundation.debug.xcconfig"; sourceTree = "<group>"; };
/* End PBXFileReference section */

/* Begin PBXFrameworksBuildPhase section */
		99653B3B294D2D8700C41A7B /* Frameworks */ = {
			isa = PBXFrameworksBuildPhase;
			buildActionMask = 2147483647;
			files = (
				9DF297E525A09E92C15652E4 /* Pods_AVFoundation.framework in Frameworks */,
			);
			runOnlyForDeploymentPostprocessing = 0;
		};
/* End PBXFrameworksBuildPhase section */

/* Begin PBXGroup section */
		6577EE0A1CBB8666C490FA7F /* Pods */ = {
			isa = PBXGroup;
			children = (
				F195F3CAFFC6A3B5AACEE799 /* Pods-AVFoundation.debug.xcconfig */,
				AFB4264D04F31E8875591E55 /* Pods-AVFoundation.release.xcconfig */,
			);
			path = Pods;
			sourceTree = "<group>";
		};
		7896B74EEE518EE4233D4A5E /* Frameworks */ = {
			isa = PBXGroup;
			children = (
				7A2C4AED349142DBB3C2D22A /* Pods_AVFoundation.framework */,
			);
			name = Frameworks;
			sourceTree = "<group>";
		};
		99653B35294D2D8700C41A7B = {
			isa = PBXGroup;
			children = (
				99653B40294D2D8700C41A7B /* AVFoundation */,
				99653B3F294D2D8700C41A7B /* Products */,
				6577EE0A1CBB8666C490FA7F /* Pods */,
				7896B74EEE518EE4233D4A5E /* Frameworks */,
			);
			sourceTree = "<group>";
		};
		99653B3F294D2D8700C41A7B /* Products */ = {
			isa = PBXGroup;
			children = (
				99653B3E294D2D8700C41A7B /* AVFoundation.app */,
			);
			name = Products;
			sourceTree = "<group>";
		};
		99653B40294D2D8700C41A7B /* AVFoundation */ = {
			isa = PBXGroup;
			children = (
				99C3CD04294FAA0B00605C5D /* Audio */,
				99C3CD03294FA9D400605C5D /* View Controller */,
				99653B41294D2D8700C41A7B /* AppDelegate.swift */,
				99653B43294D2D8700C41A7B /* SceneDelegate.swift */,
				99653B47294D2D8700C41A7B /* Main.storyboard */,
				99653B4A294D2D8900C41A7B /* Assets.xcassets */,
				99653B4C294D2D8900C41A7B /* LaunchScreen.storyboard */,
				99653B4F294D2D8900C41A7B /* Info.plist */,
			);
			path = AVFoundation;
			sourceTree = "<group>";
		};
		99C3CD03294FA9D400605C5D /* View Controller */ = {
			isa = PBXGroup;
			children = (
				99653B45294D2D8700C41A7B /* ViewController.swift */,
			);
			name = "View Controller";
			path = ..;
			sourceTree = "<group>";
		};
		99C3CD04294FAA0B00605C5D /* Audio */ = {
			isa = PBXGroup;
			children = (
				9962B6A8294E0CCD009BF1DE /* ocean waves.mp3 */,
				99C3CD05294FAAB200605C5D /* Cloud-Instrumental.mp3 */,
			);
			path = Audio;
			sourceTree = "<group>";
		};
/* End PBXGroup section */

/* Begin PBXNativeTarget section */
		99653B3D294D2D8700C41A7B /* AVFoundation */ = {
			isa = PBXNativeTarget;
			buildConfigurationList = 99653B52294D2D8900C41A7B /* Build configuration list for PBXNativeTarget "AVFoundation" */;
			buildPhases = (
				A4CCD448755319A65691CD7D /* [CP] Check Pods Manifest.lock */,
				99653B3A294D2D8700C41A7B /* Sources */,
				99653B3B294D2D8700C41A7B /* Frameworks */,
				99653B3C294D2D8700C41A7B /* Resources */,
				9B22ABCFE159B75C79AEDD46 /* [CP] Embed Pods Frameworks */,
			);
			buildRules = (
			);
			dependencies = (
			);
			name = AVFoundation;
			productName = AVFoundation;
			productReference = 99653B3E294D2D8700C41A7B /* AVFoundation.app */;
			productType = "com.apple.product-type.application";
		};
/* End PBXNativeTarget section */

/* Begin PBXProject section */
		99653B36294D2D8700C41A7B /* Project object */ = {
			isa = PBXProject;
			attributes = {
				BuildIndependentTargetsInParallel = 1;
				LastSwiftUpdateCheck = 1410;
				LastUpgradeCheck = 1410;
				TargetAttributes = {
					99653B3D294D2D8700C41A7B = {
						CreatedOnToolsVersion = 14.1;
					};
				};
			};
			buildConfigurationList = 99653B39294D2D8700C41A7B /* Build configuration list for PBXProject "AVFoundation" */;
			compatibilityVersion = "Xcode 14.0";
			developmentRegion = en;
			hasScannedForEncodings = 0;
			knownRegions = (
				en,
				Base,
			);
			mainGroup = 99653B35294D2D8700C41A7B;
			productRefGroup = 99653B3F294D2D8700C41A7B /* Products */;
			projectDirPath = "";
			projectRoot = "";
			targets = (
				99653B3D294D2D8700C41A7B /* AVFoundation */,
			);
		};
/* End PBXProject section */

/* Begin PBXResourcesBuildPhase section */
		99653B3C294D2D8700C41A7B /* Resources */ = {
			isa = PBXResourcesBuildPhase;
			buildActionMask = 2147483647;
			files = (
				99653B4E294D2D8900C41A7B /* LaunchScreen.storyboard in Resources */,
				9962B6A9294E0CCD009BF1DE /* ocean waves.mp3 in Resources */,
				99C3CD06294FAAB200605C5D /* Cloud-Instrumental.mp3 in Resources */,
				99653B4B294D2D8900C41A7B /* Assets.xcassets in Resources */,
				99653B49294D2D8700C41A7B /* Main.storyboard in Resources */,
			);
			runOnlyForDeploymentPostprocessing = 0;
		};
/* End PBXResourcesBuildPhase section */

/* Begin PBXShellScriptBuildPhase section */
		9B22ABCFE159B75C79AEDD46 /* [CP] Embed Pods Frameworks */ = {
			isa = PBXShellScriptBuildPhase;
			buildActionMask = 2147483647;
			files = (
			);
			inputFileListPaths = (
				"${PODS_ROOT}/Target Support Files/Pods-AVFoundation/Pods-AVFoundation-frameworks-${CONFIGURATION}-input-files.xcfilelist",
			);
			name = "[CP] Embed Pods Frameworks";
			outputFileListPaths = (
				"${PODS_ROOT}/Target Support Files/Pods-AVFoundation/Pods-AVFoundation-frameworks-${CONFIGURATION}-output-files.xcfilelist",
			);
			runOnlyForDeploymentPostprocessing = 0;
			shellPath = /bin/sh;
			shellScript = "\"${PODS_ROOT}/Target Support Files/Pods-AVFoundation/Pods-AVFoundation-frameworks.sh\"\n";
			showEnvVarsInLog = 0;
		};
		A4CCD448755319A65691CD7D /* [CP] Check Pods Manifest.lock */ = {
			isa = PBXShellScriptBuildPhase;
			buildActionMask = 2147483647;
			files = (
			);
			inputFileListPaths = (
			);
			inputPaths = (
				"${PODS_PODFILE_DIR_PATH}/Podfile.lock",
				"${PODS_ROOT}/Manifest.lock",
			);
			name = "[CP] Check Pods Manifest.lock";
			outputFileListPaths = (
			);
			outputPaths = (
				"$(DERIVED_FILE_DIR)/Pods-AVFoundation-checkManifestLockResult.txt",
			);
			runOnlyForDeploymentPostprocessing = 0;
			shellPath = /bin/sh;
			shellScript = "diff \"${PODS_PODFILE_DIR_PATH}/Podfile.lock\" \"${PODS_ROOT}/Manifest.lock\" > /dev/null\nif [ $? != 0 ] ; then\n    # print error to STDERR\n    echo \"error: The sandbox is not in sync with the Podfile.lock. Run 'pod install' or update your CocoaPods installation.\" >&2\n    exit 1\nfi\n# This output is used by Xcode 'outputs' to avoid re-running this script phase.\necho \"SUCCESS\" > \"${SCRIPT_OUTPUT_FILE_0}\"\n";
			showEnvVarsInLog = 0;
		};
/* End PBXShellScriptBuildPhase section */

/* Begin PBXSourcesBuildPhase section */
		99653B3A294D2D8700C41A7B /* Sources */ = {
			isa = PBXSourcesBuildPhase;
			buildActionMask = 2147483647;
			files = (
				99653B46294D2D8700C41A7B /* ViewController.swift in Sources */,
				99653B42294D2D8700C41A7B /* AppDelegate.swift in Sources */,
				99653B44294D2D8700C41A7B /* SceneDelegate.swift in Sources */,
			);
			runOnlyForDeploymentPostprocessing = 0;
		};
/* End PBXSourcesBuildPhase section */

/* Begin PBXVariantGroup section */
		99653B47294D2D8700C41A7B /* Main.storyboard */ = {
			isa = PBXVariantGroup;
			children = (
				99653B48294D2D8700C41A7B /* Base */,
			);
			name = Main.storyboard;
			sourceTree = "<group>";
		};
		99653B4C294D2D8900C41A7B /* LaunchScreen.storyboard */ = {
			isa = PBXVariantGroup;
			children = (
				99653B4D294D2D8900C41A7B /* Base */,
			);
			name = LaunchScreen.storyboard;
			sourceTree = "<group>";
		};
/* End PBXVariantGroup section */

/* Begin XCBuildConfiguration section */
		99653B50294D2D8900C41A7B /* Debug */ = {
			isa = XCBuildConfiguration;
			buildSettings = {
				ALWAYS_SEARCH_USER_PATHS = NO;
				CLANG_ANALYZER_NONNULL = YES;
				CLANG_ANALYZER_NUMBER_OBJECT_CONVERSION = YES_AGGRESSIVE;
				CLANG_CXX_LANGUAGE_STANDARD = "gnu++20";
				CLANG_ENABLE_MODULES = YES;
				CLANG_ENABLE_OBJC_ARC = YES;
				CLANG_ENABLE_OBJC_WEAK = YES;
				CLANG_WARN_BLOCK_CAPTURE_AUTORELEASING = YES;
				CLANG_WARN_BOOL_CONVERSION = YES;
				CLANG_WARN_COMMA = YES;
				CLANG_WARN_CONSTANT_CONVERSION = YES;
				CLANG_WARN_DEPRECATED_OBJC_IMPLEMENTATIONS = YES;
				CLANG_WARN_DIRECT_OBJC_ISA_USAGE = YES_ERROR;
				CLANG_WARN_DOCUMENTATION_COMMENTS = YES;
				CLANG_WARN_EMPTY_BODY = YES;
				CLANG_WARN_ENUM_CONVERSION = YES;
				CLANG_WARN_INFINITE_RECURSION = YES;
				CLANG_WARN_INT_CONVERSION = YES;
				CLANG_WARN_NON_LITERAL_NULL_CONVERSION = YES;
				CLANG_WARN_OBJC_IMPLICIT_RETAIN_SELF = YES;
				CLANG_WARN_OBJC_LITERAL_CONVERSION = YES;
				CLANG_WARN_OBJC_ROOT_CLASS = YES_ERROR;
				CLANG_WARN_QUOTED_INCLUDE_IN_FRAMEWORK_HEADER = YES;
				CLANG_WARN_RANGE_LOOP_ANALYSIS = YES;
				CLANG_WARN_STRICT_PROTOTYPES = YES;
				CLANG_WARN_SUSPICIOUS_MOVE = YES;
				CLANG_WARN_UNGUARDED_AVAILABILITY = YES_AGGRESSIVE;
				CLANG_WARN_UNREACHABLE_CODE = YES;
				CLANG_WARN__DUPLICATE_METHOD_MATCH = YES;
				COPY_PHASE_STRIP = NO;
				DEBUG_INFORMATION_FORMAT = dwarf;
				ENABLE_STRICT_OBJC_MSGSEND = YES;
				ENABLE_TESTABILITY = YES;
				GCC_C_LANGUAGE_STANDARD = gnu11;
				GCC_DYNAMIC_NO_PIC = NO;
				GCC_NO_COMMON_BLOCKS = YES;
				GCC_OPTIMIZATION_LEVEL = 0;
				GCC_PREPROCESSOR_DEFINITIONS = (
					"DEBUG=1",
					"$(inherited)",
				);
				GCC_WARN_64_TO_32_BIT_CONVERSION = YES;
				GCC_WARN_ABOUT_RETURN_TYPE = YES_ERROR;
				GCC_WARN_UNDECLARED_SELECTOR = YES;
				GCC_WARN_UNINITIALIZED_AUTOS = YES_AGGRESSIVE;
				GCC_WARN_UNUSED_FUNCTION = YES;
				GCC_WARN_UNUSED_VARIABLE = YES;
				IPHONEOS_DEPLOYMENT_TARGET = 16.1;
				MTL_ENABLE_DEBUG_INFO = INCLUDE_SOURCE;
				MTL_FAST_MATH = YES;
				ONLY_ACTIVE_ARCH = YES;
				SDKROOT = iphoneos;
				SWIFT_ACTIVE_COMPILATION_CONDITIONS = DEBUG;
				SWIFT_OPTIMIZATION_LEVEL = "-Onone";
			};
			name = Debug;
		};
		99653B51294D2D8900C41A7B /* Release */ = {
			isa = XCBuildConfiguration;
			buildSettings = {
				ALWAYS_SEARCH_USER_PATHS = NO;
				CLANG_ANALYZER_NONNULL = YES;
				CLANG_ANALYZER_NUMBER_OBJECT_CONVERSION = YES_AGGRESSIVE;
				CLANG_CXX_LANGUAGE_STANDARD = "gnu++20";
				CLANG_ENABLE_MODULES = YES;
				CLANG_ENABLE_OBJC_ARC = YES;
				CLANG_ENABLE_OBJC_WEAK = YES;
				CLANG_WARN_BLOCK_CAPTURE_AUTORELEASING = YES;
				CLANG_WARN_BOOL_CONVERSION = YES;
				CLANG_WARN_COMMA = YES;
				CLANG_WARN_CONSTANT_CONVERSION = YES;
				CLANG_WARN_DEPRECATED_OBJC_IMPLEMENTATIONS = YES;
				CLANG_WARN_DIRECT_OBJC_ISA_USAGE = YES_ERROR;
				CLANG_WARN_DOCUMENTATION_COMMENTS = YES;
				CLANG_WARN_EMPTY_BODY = YES;
				CLANG_WARN_ENUM_CONVERSION = YES;
				CLANG_WARN_INFINITE_RECURSION = YES;
				CLANG_WARN_INT_CONVERSION = YES;
				CLANG_WARN_NON_LITERAL_NULL_CONVERSION = YES;
				CLANG_WARN_OBJC_IMPLICIT_RETAIN_SELF = YES;
				CLANG_WARN_OBJC_LITERAL_CONVERSION = YES;
				CLANG_WARN_OBJC_ROOT_CLASS = YES_ERROR;
				CLANG_WARN_QUOTED_INCLUDE_IN_FRAMEWORK_HEADER = YES;
				CLANG_WARN_RANGE_LOOP_ANALYSIS = YES;
				CLANG_WARN_STRICT_PROTOTYPES = YES;
				CLANG_WARN_SUSPICIOUS_MOVE = YES;
				CLANG_WARN_UNGUARDED_AVAILABILITY = YES_AGGRESSIVE;
				CLANG_WARN_UNREACHABLE_CODE = YES;
				CLANG_WARN__DUPLICATE_METHOD_MATCH = YES;
				COPY_PHASE_STRIP = NO;
				DEBUG_INFORMATION_FORMAT = "dwarf-with-dsym";
				ENABLE_NS_ASSERTIONS = NO;
				ENABLE_STRICT_OBJC_MSGSEND = YES;
				GCC_C_LANGUAGE_STANDARD = gnu11;
				GCC_NO_COMMON_BLOCKS = YES;
				GCC_WARN_64_TO_32_BIT_CONVERSION = YES;
				GCC_WARN_ABOUT_RETURN_TYPE = YES_ERROR;
				GCC_WARN_UNDECLARED_SELECTOR = YES;
				GCC_WARN_UNINITIALIZED_AUTOS = YES_AGGRESSIVE;
				GCC_WARN_UNUSED_FUNCTION = YES;
				GCC_WARN_UNUSED_VARIABLE = YES;
				IPHONEOS_DEPLOYMENT_TARGET = 16.1;
				MTL_ENABLE_DEBUG_INFO = NO;
				MTL_FAST_MATH = YES;
				SDKROOT = iphoneos;
				SWIFT_COMPILATION_MODE = wholemodule;
				SWIFT_OPTIMIZATION_LEVEL = "-O";
				VALIDATE_PRODUCT = YES;
			};
			name = Release;
		};
		99653B53294D2D8900C41A7B /* Debug */ = {
			isa = XCBuildConfiguration;
			baseConfigurationReference = F195F3CAFFC6A3B5AACEE799 /* Pods-AVFoundation.debug.xcconfig */;
			buildSettings = {
				ASSETCATALOG_COMPILER_APPICON_NAME = AppIcon;
				ASSETCATALOG_COMPILER_GLOBAL_ACCENT_COLOR_NAME = AccentColor;
				CODE_SIGN_STYLE = Automatic;
				CURRENT_PROJECT_VERSION = 1;
				GENERATE_INFOPLIST_FILE = YES;
				INFOPLIST_FILE = AVFoundation/Info.plist;
				INFOPLIST_KEY_UIApplicationSupportsIndirectInputEvents = YES;
				INFOPLIST_KEY_UILaunchStoryboardName = LaunchScreen;
				INFOPLIST_KEY_UIMainStoryboardFile = Main;
				INFOPLIST_KEY_UISupportedInterfaceOrientations_iPad = "UIInterfaceOrientationPortrait UIInterfaceOrientationPortraitUpsideDown UIInterfaceOrientationLandscapeLeft UIInterfaceOrientationLandscapeRight";
				INFOPLIST_KEY_UISupportedInterfaceOrientations_iPhone = "UIInterfaceOrientationPortrait UIInterfaceOrientationLandscapeLeft UIInterfaceOrientationLandscapeRight";
				LD_RUNPATH_SEARCH_PATHS = (
					"$(inherited)",
					"@executable_path/Frameworks",
				);
				MARKETING_VERSION = 1.0;
				PRODUCT_BUNDLE_IDENTIFIER = com.rawan.AVFoundation;
				PRODUCT_NAME = "$(TARGET_NAME)";
				SWIFT_EMIT_LOC_STRINGS = YES;
				SWIFT_VERSION = 5.0;
				TARGETED_DEVICE_FAMILY = "1,2";
			};
			name = Debug;
		};
		99653B54294D2D8900C41A7B /* Release */ = {
			isa = XCBuildConfiguration;
			baseConfigurationReference = AFB4264D04F31E8875591E55 /* Pods-AVFoundation.release.xcconfig */;
			buildSettings = {
				ASSETCATALOG_COMPILER_APPICON_NAME = AppIcon;
				ASSETCATALOG_COMPILER_GLOBAL_ACCENT_COLOR_NAME = AccentColor;
				CODE_SIGN_STYLE = Automatic;
				CURRENT_PROJECT_VERSION = 1;
				GENERATE_INFOPLIST_FILE = YES;
				INFOPLIST_FILE = AVFoundation/Info.plist;
				INFOPLIST_KEY_UIApplicationSupportsIndirectInputEvents = YES;
				INFOPLIST_KEY_UILaunchStoryboardName = LaunchScreen;
				INFOPLIST_KEY_UIMainStoryboardFile = Main;
				INFOPLIST_KEY_UISupportedInterfaceOrientations_iPad = "UIInterfaceOrientationPortrait UIInterfaceOrientationPortraitUpsideDown UIInterfaceOrientationLandscapeLeft UIInterfaceOrientationLandscapeRight";
				INFOPLIST_KEY_UISupportedInterfaceOrientations_iPhone = "UIInterfaceOrientationPortrait UIInterfaceOrientationLandscapeLeft UIInterfaceOrientationLandscapeRight";
				LD_RUNPATH_SEARCH_PATHS = (
					"$(inherited)",
					"@executable_path/Frameworks",
				);
				MARKETING_VERSION = 1.0;
				PRODUCT_BUNDLE_IDENTIFIER = com.rawan.AVFoundation;
				PRODUCT_NAME = "$(TARGET_NAME)";
				SWIFT_EMIT_LOC_STRINGS = YES;
				SWIFT_VERSION = 5.0;
				TARGETED_DEVICE_FAMILY = "1,2";
			};
			name = Release;
		};
/* End XCBuildConfiguration section */

/* Begin XCConfigurationList section */
		99653B39294D2D8700C41A7B /* Build configuration list for PBXProject "AVFoundation" */ = {
			isa = XCConfigurationList;
			buildConfigurations = (
				99653B50294D2D8900C41A7B /* Debug */,
				99653B51294D2D8900C41A7B /* Release */,
			);
			defaultConfigurationIsVisible = 0;
			defaultConfigurationName = Release;
		};
		99653B52294D2D8900C41A7B /* Build configuration list for PBXNativeTarget "AVFoundation" */ = {
			isa = XCConfigurationList;
			buildConfigurations = (
				99653B53294D2D8900C41A7B /* Debug */,
				99653B54294D2D8900C41A7B /* Release */,
			);
			defaultConfigurationIsVisible = 0;
			defaultConfigurationName = Release;
		};
/* End XCConfigurationList section */
	};
	rootObject = 99653B36294D2D8700C41A7B /* Project object */;
}
